
Microsoft Visual Studio Solution File, Format Version 12.00
# Visual Studio Version 16
VisualStudioVersion = 16.0.30523.141
MinimumVisualStudioVersion = 10.0.40219.1
Project("{FAE04EC0-301F-11D3-BF4B-00C04F79EFBC}") = "ForceMusicRenamer", "ForceMusicRenamer\ForceMusicRenamer.csproj", "{3281F5D6-E604-4087-BB93-67FB1665E22F}"
EndProject
Global
	GlobalSection(SolutionConfigurationPlatforms) = preSolution
		Debug|Any CPU = Debug|Any CPU
		Release|Any CPU = Release|Any CPU
	EndGlobalSection
	GlobalSection(ProjectConfigurationPlatforms) = postSolution
		{3281F5D6-E604-4087-BB93-67FB1665E22F}.Debug|Any CPU.ActiveCfg = Debug|Any CPU
		{3281F5D6-E604-4087-BB93-67FB1665E22F}.Debug|Any CPU.Build.0 = Debug|Any CPU
		{3281F5D6-E604-4087-BB93-67FB1665E22F}.Release|Any CPU.ActiveCfg = Release|Any CPU
		{3281F5D6-E604-4087-BB93-67FB1665E22F}.Release|Any CPU.Build.0 = Release|Any CPU
	EndGlobalSection
	GlobalSection(SolutionProperties) = preSolution
		HideSolutionNode = FALSE
	EndGlobalSection
	GlobalSection(ExtensibilityGlobals) = postSolution
		SolutionGuid = {34AA256B-E15B-4F37-9BCB-6337DF3CE4C6}
	EndGlobalSection
EndGlobal
